
Microsoft Visual Studio Solution File, Format Version 12.00
# Visual Studio Version 16
VisualStudioVersion = 16.0.30204.135
MinimumVisualStudioVersion = 10.0.40219.1
Project("{FAE04EC0-301F-11D3-BF4B-00C04F79EFBC}") = "WebService", "WebService\WebService.csproj", "{AC70BBFA-7C6E-4DFF-98C1-5288FF4066BF}"
EndProject
Project("{FAE04EC0-301F-11D3-BF4B-00C04F79EFBC}") = "WebService.Tests", "WebService.Tests\WebService.Tests.csproj", "{DD9BECDE-EB72-45B6-BC84-073EFFCB40D3}"
EndProject
Global
	GlobalSection(SolutionConfigurationPlatforms) = preSolution
		Debug|Any CPU = Debug|Any CPU
		Release|Any CPU = Release|Any CPU
	EndGlobalSection
	GlobalSection(ProjectConfigurationPlatforms) = postSolution
		{AC70BBFA-7C6E-4DFF-98C1-5288FF4066BF}.Debug|Any CPU.ActiveCfg = Debug|Any CPU
		{AC70BBFA-7C6E-4DFF-98C1-5288FF4066BF}.Debug|Any CPU.Build.0 = Debug|Any CPU
		{AC70BBFA-7C6E-4DFF-98C1-5288FF4066BF}.Release|Any CPU.ActiveCfg = Release|Any CPU
		{AC70BBFA-7C6E-4DFF-98C1-5288FF4066BF}.Release|Any CPU.Build.0 = Release|Any CPU
		{DD9BECDE-EB72-45B6-BC84-073EFFCB40D3}.Debug|Any CPU.ActiveCfg = Debug|Any CPU
		{DD9BECDE-EB72-45B6-BC84-073EFFCB40D3}.Debug|Any CPU.Build.0 = Debug|Any CPU
		{DD9BECDE-EB72-45B6-BC84-073EFFCB40D3}.Release|Any CPU.ActiveCfg = Release|Any CPU
		{DD9BECDE-EB72-45B6-BC84-073EFFCB40D3}.Release|Any CPU.Build.0 = Release|Any CPU
	EndGlobalSection
	GlobalSection(SolutionProperties) = preSolution
		HideSolutionNode = FALSE
	EndGlobalSection
	GlobalSection(ExtensibilityGlobals) = postSolution
		SolutionGuid = {F5357B65-0867-48AD-8847-06558032053B}
	EndGlobalSection
EndGlobal
